{
  "originHash" : "538ec288d146a23bbaf0959072662937390def4f425d794741898bf5825532ab",
  "pins" : [
    {
      "identity" : "swift-signal",
      "kind" : "remoteSourceControl",
      "location" : "https://github.com/unixzii/swift-signal",
      "state" : {
        "branch" : "main",
        "revision" : "39127faee5c1f1c57effb81b172ef989089e8bd7"
      }
    },
    {
      "identity" : "with",
      "kind" : "remoteSourceControl",
      "location" : "https://github.com/ktiays/With.git",
      "state" : {
        "revision" : "2bbdb3846c850043b850e2b8859d74f8e20e3044",
        "version" : "1.2.0"
      }
    }
  ],
  "version" : 3
}
