{
  "originHash" : "b10fa717b9cd0aa16df355c4a5643495b1c881e605db7fc8d36634551467c0fe",
  "pins" : [
    {
      "identity" : "with",
      "kind" : "remoteSourceControl",
      "location" : "https://github.com/ktiays/With.git",
      "state" : {
        "revision" : "2bbdb3846c850043b850e2b8859d74f8e20e3044",
        "version" : "1.2.0"
      }
    }
  ],
  "version" : 3
}
