{
  "originHash" : "19b7871005d73da3583c48160a716419df934fb43370a031f17caf1ae9962067",
  "pins" : [
    {
      "identity" : "snapkit",
      "kind" : "remoteSourceControl",
      "location" : "https://github.com/SnapKit/SnapKit.git",
      "state" : {
        "revision" : "2842e6e84e82eb9a8dac0100ca90d9444b0307f4",
        "version" : "5.7.1"
      }
    },
    {
      "identity" : "swift-signal",
      "kind" : "remoteSourceControl",
      "location" : "https://github.com/unixzii/swift-signal",
      "state" : {
        "branch" : "main",
        "revision" : "39127faee5c1f1c57effb81b172ef989089e8bd7"
      }
    },
    {
      "identity" : "with",
      "kind" : "remoteSourceControl",
      "location" : "https://github.com/ktiays/With.git",
      "state" : {
        "revision" : "2bbdb3846c850043b850e2b8859d74f8e20e3044",
        "version" : "1.2.0"
      }
    }
  ],
  "version" : 3
}
